// !$*UTF8*$!
{
	archiveVersion = 1;
	classes = {
	};
	objectVersion = 46;
	objects = {

/* Begin PBXBuildFile section */
		F93F04AE19915DCF00CB66D8 /* Foundation.framework in Frameworks */ = {isa = PBXBuildFile; fileRef = F93F04AD19915DCF00CB66D8 /* Foundation.framework */; };
		F93F04B019915DCF00CB66D8 /* CoreGraphics.framework in Frameworks */ = {isa = PBXBuildFile; fileRef = F93F04AF19915DCF00CB66D8 /* CoreGraphics.framework */; };
		F93F04B219915DCF00CB66D8 /* UIKit.framework in Frameworks */ = {isa = PBXBuildFile; fileRef = F93F04B119915DCF00CB66D8 /* UIKit.framework */; };
		F93F04B819915DCF00CB66D8 /* InfoPlist.strings in Resources */ = {isa = PBXBuildFile; fileRef = F93F04B619915DCF00CB66D8 /* InfoPlist.strings */; };
		F93F04BA19915DCF00CB66D8 /* main.m in Sources */ = {isa = PBXBuildFile; fileRef = F93F04B919915DCF00CB66D8 /* main.m */; };
		F93F04BE19915DCF00CB66D8 /* AppDelegate.m in Sources */ = {isa = PBXBuildFile; fileRef = F93F04BD19915DCF00CB66D8 /* AppDelegate.m */; };
		F93F04C119915DCF00CB66D8 /* Main.storyboard in Resources */ = {isa = PBXBuildFile; fileRef = F93F04BF19915DCF00CB66D8 /* Main.storyboard */; };
		F93F04C419915DCF00CB66D8 /* ViewController.m in Sources */ = {isa = PBXBuildFile; fileRef = F93F04C319915DCF00CB66D8 /* ViewController.m */; };
		F93F04C619915DCF00CB66D8 /* Images.xcassets in Resources */ = {isa = PBXBuildFile; fileRef = F93F04C519915DCF00CB66D8 /* Images.xcassets */; };
		F93F04CD19915DCF00CB66D8 /* XCTest.framework in Frameworks */ = {isa = PBXBuildFile; fileRef = F93F04CC19915DCF00CB66D8 /* XCTest.framework */; };
		F93F04CE19915DCF00CB66D8 /* Foundation.framework in Frameworks */ = {isa = PBXBuildFile; fileRef = F93F04AD19915DCF00CB66D8 /* Foundation.framework */; };
		F93F04CF19915DCF00CB66D8 /* UIKit.framework in Frameworks */ = {isa = PBXBuildFile; fileRef = F93F04B119915DCF00CB66D8 /* UIKit.framework */; };
		F93F04D719915DCF00CB66D8 /* InfoPlist.strings in Resources */ = {isa = PBXBuildFile; fileRef = F93F04D519915DCF00CB66D8 /* InfoPlist.strings */; };
		F93F04D919915DCF00CB66D8 /* GetOnThatBusTests.m in Sources */ = {isa = PBXBuildFile; fileRef = F93F04D819915DCF00CB66D8 /* GetOnThatBusTests.m */; };
		F93F04E319915DF200CB66D8 /* CheckMate.framework in Frameworks */ = {isa = PBXBuildFile; fileRef = F93F04E219915DF200CB66D8 /* CheckMate.framework */; };
		F93F04E519915FA900CB66D8 /* MapKit.framework in Frameworks */ = {isa = PBXBuildFile; fileRef = F93F04E419915FA900CB66D8 /* MapKit.framework */; };
		F93F04E819918B7300CB66D8 /* BusStopDetailViewController.m in Sources */ = {isa = PBXBuildFile; fileRef = F93F04E719918B7300CB66D8 /* BusStopDetailViewController.m */; };
		F93F04EB1991D54300CB66D8 /* CustomAnnotation.m in Sources */ = {isa = PBXBuildFile; fileRef = F93F04EA1991D54300CB66D8 /* CustomAnnotation.m */; };
/* End PBXBuildFile section */

/* Begin PBXContainerItemProxy section */
		F93F04D019915DCF00CB66D8 /* PBXContainerItemProxy */ = {
			isa = PBXContainerItemProxy;
			containerPortal = F93F04A219915DCF00CB66D8 /* Project object */;
			proxyType = 1;
			remoteGlobalIDString = F93F04A919915DCF00CB66D8;
			remoteInfo = GetOnThatBus;
		};
/* End PBXContainerItemProxy section */

/* Begin PBXFileReference section */
		F93F04AA19915DCF00CB66D8 /* GetOnThatBus.app */ = {isa = PBXFileReference; explicitFileType = wrapper.application; includeInIndex = 0; path = GetOnThatBus.app; sourceTree = BUILT_PRODUCTS_DIR; };
		F93F04AD19915DCF00CB66D8 /* Foundation.framework */ = {isa = PBXFileReference; lastKnownFileType = wrapper.framework; name = Foundation.framework; path = System/Library/Frameworks/Foundation.framework; sourceTree = SDKROOT; };
		F93F04AF19915DCF00CB66D8 /* CoreGraphics.framework */ = {isa = PBXFileReference; lastKnownFileType = wrapper.framework; name = CoreGraphics.framework; path = System/Library/Frameworks/CoreGraphics.framework; sourceTree = SDKROOT; };
		F93F04B119915DCF00CB66D8 /* UIKit.framework */ = {isa = PBXFileReference; lastKnownFileType = wrapper.framework; name = UIKit.framework; path = System/Library/Frameworks/UIKit.framework; sourceTree = SDKROOT; };
		F93F04B519915DCF00CB66D8 /* GetOnThatBus-Info.plist */ = {isa = PBXFileReference; lastKnownFileType = text.plist.xml; path = "GetOnThatBus-Info.plist"; sourceTree = "<group>"; };
		F93F04B719915DCF00CB66D8 /* en */ = {isa = PBXFileReference; lastKnownFileType = text.plist.strings; name = en; path = en.lproj/InfoPlist.strings; sourceTree = "<group>"; };
		F93F04B919915DCF00CB66D8 /* main.m */ = {isa = PBXFileReference; lastKnownFileType = sourcecode.c.objc; path = main.m; sourceTree = "<group>"; };
		F93F04BB19915DCF00CB66D8 /* GetOnThatBus-Prefix.pch */ = {isa = PBXFileReference; lastKnownFileType = sourcecode.c.h; path = "GetOnThatBus-Prefix.pch"; sourceTree = "<group>"; };
		F93F04BC19915DCF00CB66D8 /* AppDelegate.h */ = {isa = PBXFileReference; lastKnownFileType = sourcecode.c.h; path = AppDelegate.h; sourceTree = "<group>"; };
		F93F04BD19915DCF00CB66D8 /* AppDelegate.m */ = {isa = PBXFileReference; lastKnownFileType = sourcecode.c.objc; path = AppDelegate.m; sourceTree = "<group>"; };
		F93F04C019915DCF00CB66D8 /* Base */ = {isa = PBXFileReference; lastKnownFileType = file.storyboard; name = Base; path = Base.lproj/Main.storyboard; sourceTree = "<group>"; };
		F93F04C219915DCF00CB66D8 /* ViewController.h */ = {isa = PBXFileReference; lastKnownFileType = sourcecode.c.h; path = ViewController.h; sourceTree = "<group>"; };
		F93F04C319915DCF00CB66D8 /* ViewController.m */ = {isa = PBXFileReference; lastKnownFileType = sourcecode.c.objc; path = ViewController.m; sourceTree = "<group>"; };
		F93F04C519915DCF00CB66D8 /* Images.xcassets */ = {isa = PBXFileReference; lastKnownFileType = folder.assetcatalog; path = Images.xcassets; sourceTree = "<group>"; };
		F93F04CB19915DCF00CB66D8 /* GetOnThatBusTests.xctest */ = {isa = PBXFileReference; explicitFileType = wrapper.cfbundle; includeInIndex = 0; path = GetOnThatBusTests.xctest; sourceTree = BUILT_PRODUCTS_DIR; };
		F93F04CC19915DCF00CB66D8 /* XCTest.framework */ = {isa = PBXFileReference; lastKnownFileType = wrapper.framework; name = XCTest.framework; path = Library/Frameworks/XCTest.framework; sourceTree = DEVELOPER_DIR; };
		F93F04D419915DCF00CB66D8 /* GetOnThatBusTests-Info.plist */ = {isa = PBXFileReference; lastKnownFileType = text.plist.xml; path = "GetOnThatBusTests-Info.plist"; sourceTree = "<group>"; };
		F93F04D619915DCF00CB66D8 /* en */ = {isa = PBXFileReference; lastKnownFileType = text.plist.strings; name = en; path = en.lproj/InfoPlist.strings; sourceTree = "<group>"; };
		F93F04D819915DCF00CB66D8 /* GetOnThatBusTests.m */ = {isa = PBXFileReference; lastKnownFileType = sourcecode.c.objc; path = GetOnThatBusTests.m; sourceTree = "<group>"; };
		F93F04E219915DF200CB66D8 /* CheckMate.framework */ = {isa = PBXFileReference; lastKnownFileType = wrapper.framework; path = CheckMate.framework; sourceTree = "<group>"; };
		F93F04E419915FA900CB66D8 /* MapKit.framework */ = {isa = PBXFileReference; lastKnownFileType = wrapper.framework; name = MapKit.framework; path = System/Library/Frameworks/MapKit.framework; sourceTree = SDKROOT; };
		F93F04E619918B7300CB66D8 /* BusStopDetailViewController.h */ = {isa = PBXFileReference; fileEncoding = 4; lastKnownFileType = sourcecode.c.h; path = BusStopDetailViewController.h; sourceTree = "<group>"; };
		F93F04E719918B7300CB66D8 /* BusStopDetailViewController.m */ = {isa = PBXFileReference; fileEncoding = 4; lastKnownFileType = sourcecode.c.objc; path = BusStopDetailViewController.m; sourceTree = "<group>"; };
		F93F04E91991D54300CB66D8 /* CustomAnnotation.h */ = {isa = PBXFileReference; fileEncoding = 4; lastKnownFileType = sourcecode.c.h; path = CustomAnnotation.h; sourceTree = "<group>"; };
		F93F04EA1991D54300CB66D8 /* CustomAnnotation.m */ = {isa = PBXFileReference; fileEncoding = 4; lastKnownFileType = sourcecode.c.objc; path = CustomAnnotation.m; sourceTree = "<group>"; };
/* End PBXFileReference section */

/* Begin PBXFrameworksBuildPhase section */
		F93F04A719915DCF00CB66D8 /* Frameworks */ = {
			isa = PBXFrameworksBuildPhase;
			buildActionMask = 2147483647;
			files = (
				F93F04E519915FA900CB66D8 /* MapKit.framework in Frameworks */,
				F93F04E319915DF200CB66D8 /* CheckMate.framework in Frameworks */,
				F93F04B019915DCF00CB66D8 /* CoreGraphics.framework in Frameworks */,
				F93F04B219915DCF00CB66D8 /* UIKit.framework in Frameworks */,
				F93F04AE19915DCF00CB66D8 /* Foundation.framework in Frameworks */,
			);
			runOnlyForDeploymentPostprocessing = 0;
		};
		F93F04C819915DCF00CB66D8 /* Frameworks */ = {
			isa = PBXFrameworksBuildPhase;
			buildActionMask = 2147483647;
			files = (
				F93F04CD19915DCF00CB66D8 /* XCTest.framework in Frameworks */,
				F93F04CF19915DCF00CB66D8 /* UIKit.framework in Frameworks */,
				F93F04CE19915DCF00CB66D8 /* Foundation.framework in Frameworks */,
			);
			runOnlyForDeploymentPostprocessing = 0;
		};
/* End PBXFrameworksBuildPhase section */

/* Begin PBXGroup section */
		F93F04A119915DCF00CB66D8 = {
			isa = PBXGroup;
			children = (
				F93F04B319915DCF00CB66D8 /* GetOnThatBus */,
				F93F04D219915DCF00CB66D8 /* GetOnThatBusTests */,
				F93F04AC19915DCF00CB66D8 /* Frameworks */,
				F93F04AB19915DCF00CB66D8 /* Products */,
			);
			sourceTree = "<group>";
		};
		F93F04AB19915DCF00CB66D8 /* Products */ = {
			isa = PBXGroup;
			children = (
				F93F04AA19915DCF00CB66D8 /* GetOnThatBus.app */,
				F93F04CB19915DCF00CB66D8 /* GetOnThatBusTests.xctest */,
			);
			name = Products;
			sourceTree = "<group>";
		};
		F93F04AC19915DCF00CB66D8 /* Frameworks */ = {
			isa = PBXGroup;
			children = (
				F93F04E419915FA900CB66D8 /* MapKit.framework */,
				F93F04E219915DF200CB66D8 /* CheckMate.framework */,
				F93F04AD19915DCF00CB66D8 /* Foundation.framework */,
				F93F04AF19915DCF00CB66D8 /* CoreGraphics.framework */,
				F93F04B119915DCF00CB66D8 /* UIKit.framework */,
				F93F04CC19915DCF00CB66D8 /* XCTest.framework */,
			);
			name = Frameworks;
			sourceTree = "<group>";
		};
		F93F04B319915DCF00CB66D8 /* GetOnThatBus */ = {
			isa = PBXGroup;
			children = (
				F93F04BC19915DCF00CB66D8 /* AppDelegate.h */,
				F93F04BD19915DCF00CB66D8 /* AppDelegate.m */,
				F93F04BF19915DCF00CB66D8 /* Main.storyboard */,
				F93F04C219915DCF00CB66D8 /* ViewController.h */,
				F93F04C319915DCF00CB66D8 /* ViewController.m */,
				F93F04C519915DCF00CB66D8 /* Images.xcassets */,
				F93F04B419915DCF00CB66D8 /* Supporting Files */,
				F93F04E619918B7300CB66D8 /* BusStopDetailViewController.h */,
				F93F04E719918B7300CB66D8 /* BusStopDetailViewController.m */,
				F93F04E91991D54300CB66D8 /* CustomAnnotation.h */,
				F93F04EA1991D54300CB66D8 /* CustomAnnotation.m */,
			);
			path = GetOnThatBus;
			sourceTree = "<group>";
		};
		F93F04B419915DCF00CB66D8 /* Supporting Files */ = {
			isa = PBXGroup;
			children = (
				F93F04B519915DCF00CB66D8 /* GetOnThatBus-Info.plist */,
				F93F04B619915DCF00CB66D8 /* InfoPlist.strings */,
				F93F04B919915DCF00CB66D8 /* main.m */,
				F93F04BB19915DCF00CB66D8 /* GetOnThatBus-Prefix.pch */,
			);
			name = "Supporting Files";
			sourceTree = "<group>";
		};
		F93F04D219915DCF00CB66D8 /* GetOnThatBusTests */ = {
			isa = PBXGroup;
			children = (
				F93F04D819915DCF00CB66D8 /* GetOnThatBusTests.m */,
				F93F04D319915DCF00CB66D8 /* Supporting Files */,
			);
			path = GetOnThatBusTests;
			sourceTree = "<group>";
		};
		F93F04D319915DCF00CB66D8 /* Supporting Files */ = {
			isa = PBXGroup;
			children = (
				F93F04D419915DCF00CB66D8 /* GetOnThatBusTests-Info.plist */,
				F93F04D519915DCF00CB66D8 /* InfoPlist.strings */,
			);
			name = "Supporting Files";
			sourceTree = "<group>";
		};
/* End PBXGroup section */

/* Begin PBXNativeTarget section */
		F93F04A919915DCF00CB66D8 /* GetOnThatBus */ = {
			isa = PBXNativeTarget;
			buildConfigurationList = F93F04DC19915DCF00CB66D8 /* Build configuration list for PBXNativeTarget "GetOnThatBus" */;
			buildPhases = (
				F93F04A619915DCF00CB66D8 /* Sources */,
				F93F04A719915DCF00CB66D8 /* Frameworks */,
				F93F04A819915DCF00CB66D8 /* Resources */,
			);
			buildRules = (
			);
			dependencies = (
			);
			name = GetOnThatBus;
			productName = GetOnThatBus;
			productReference = F93F04AA19915DCF00CB66D8 /* GetOnThatBus.app */;
			productType = "com.apple.product-type.application";
		};
		F93F04CA19915DCF00CB66D8 /* GetOnThatBusTests */ = {
			isa = PBXNativeTarget;
			buildConfigurationList = F93F04DF19915DCF00CB66D8 /* Build configuration list for PBXNativeTarget "GetOnThatBusTests" */;
			buildPhases = (
				F93F04C719915DCF00CB66D8 /* Sources */,
				F93F04C819915DCF00CB66D8 /* Frameworks */,
				F93F04C919915DCF00CB66D8 /* Resources */,
			);
			buildRules = (
			);
			dependencies = (
				F93F04D119915DCF00CB66D8 /* PBXTargetDependency */,
			);
			name = GetOnThatBusTests;
			productName = GetOnThatBusTests;
			productReference = F93F04CB19915DCF00CB66D8 /* GetOnThatBusTests.xctest */;
			productType = "com.apple.product-type.bundle.unit-test";
		};
/* End PBXNativeTarget section */

/* Begin PBXProject section */
		F93F04A219915DCF00CB66D8 /* Project object */ = {
			isa = PBXProject;
			attributes = {
				LastUpgradeCheck = 0510;
				ORGANIZATIONNAME = "___FULLUSERNAME___";
				TargetAttributes = {
					F93F04CA19915DCF00CB66D8 = {
						TestTargetID = F93F04A919915DCF00CB66D8;
					};
				};
			};
			buildConfigurationList = F93F04A519915DCF00CB66D8 /* Build configuration list for PBXProject "GetOnThatBus" */;
			compatibilityVersion = "Xcode 3.2";
			developmentRegion = English;
			hasScannedForEncodings = 0;
			knownRegions = (
				en,
				Base,
			);
			mainGroup = F93F04A119915DCF00CB66D8;
			productRefGroup = F93F04AB19915DCF00CB66D8 /* Products */;
			projectDirPath = "";
			projectRoot = "";
			targets = (
				F93F04A919915DCF00CB66D8 /* GetOnThatBus */,
				F93F04CA19915DCF00CB66D8 /* GetOnThatBusTests */,
			);
		};
/* End PBXProject section */

/* Begin PBXResourcesBuildPhase section */
		F93F04A819915DCF00CB66D8 /* Resources */ = {
			isa = PBXResourcesBuildPhase;
			buildActionMask = 2147483647;
			files = (
				F93F04C619915DCF00CB66D8 /* Images.xcassets in Resources */,
				F93F04B819915DCF00CB66D8 /* InfoPlist.strings in Resources */,
				F93F04C119915DCF00CB66D8 /* Main.storyboard in Resources */,
			);
			runOnlyForDeploymentPostprocessing = 0;
		};
		F93F04C919915DCF00CB66D8 /* Resources */ = {
			isa = PBXResourcesBuildPhase;
			buildActionMask = 2147483647;
			files = (
				F93F04D719915DCF00CB66D8 /* InfoPlist.strings in Resources */,
			);
			runOnlyForDeploymentPostprocessing = 0;
		};
/* End PBXResourcesBuildPhase section */

/* Begin PBXSourcesBuildPhase section */
		F93F04A619915DCF00CB66D8 /* Sources */ = {
			isa = PBXSourcesBuildPhase;
			buildActionMask = 2147483647;
			files = (
				F93F04EB1991D54300CB66D8 /* CustomAnnotation.m in Sources */,
				F93F04C419915DCF00CB66D8 /* ViewController.m in Sources */,
				F93F04BE19915DCF00CB66D8 /* AppDelegate.m in Sources */,
				F93F04E819918B7300CB66D8 /* BusStopDetailViewController.m in Sources */,
				F93F04BA19915DCF00CB66D8 /* main.m in Sources */,
			);
			runOnlyForDeploymentPostprocessing = 0;
		};
		F93F04C719915DCF00CB66D8 /* Sources */ = {
			isa = PBXSourcesBuildPhase;
			buildActionMask = 2147483647;
			files = (
				F93F04D919915DCF00CB66D8 /* GetOnThatBusTests.m in Sources */,
			);
			runOnlyForDeploymentPostprocessing = 0;
		};
/* End PBXSourcesBuildPhase section */

/* Begin PBXTargetDependency section */
		F93F04D119915DCF00CB66D8 /* PBXTargetDependency */ = {
			isa = PBXTargetDependency;
			target = F93F04A919915DCF00CB66D8 /* GetOnThatBus */;
			targetProxy = F93F04D019915DCF00CB66D8 /* PBXContainerItemProxy */;
		};
/* End PBXTargetDependency section */

/* Begin PBXVariantGroup section */
		F93F04B619915DCF00CB66D8 /* InfoPlist.strings */ = {
			isa = PBXVariantGroup;
			children = (
				F93F04B719915DCF00CB66D8 /* en */,
			);
			name = InfoPlist.strings;
			sourceTree = "<group>";
		};
		F93F04BF19915DCF00CB66D8 /* Main.storyboard */ = {
			isa = PBXVariantGroup;
			children = (
				F93F04C019915DCF00CB66D8 /* Base */,
			);
			name = Main.storyboard;
			sourceTree = "<group>";
		};
		F93F04D519915DCF00CB66D8 /* InfoPlist.strings */ = {
			isa = PBXVariantGroup;
			children = (
				F93F04D619915DCF00CB66D8 /* en */,
			);
			name = InfoPlist.strings;
			sourceTree = "<group>";
		};
/* End PBXVariantGroup section */

/* Begin XCBuildConfiguration section */
		F93F04DA19915DCF00CB66D8 /* Debug */ = {
			isa = XCBuildConfiguration;
			buildSettings = {
				ALWAYS_SEARCH_USER_PATHS = NO;
				CLANG_CXX_LANGUAGE_STANDARD = "gnu++0x";
				CLANG_CXX_LIBRARY = "libc++";
				CLANG_ENABLE_MODULES = YES;
				CLANG_ENABLE_OBJC_ARC = YES;
				CLANG_WARN_BOOL_CONVERSION = YES;
				CLANG_WARN_CONSTANT_CONVERSION = YES;
				CLANG_WARN_DIRECT_OBJC_ISA_USAGE = YES_ERROR;
				CLANG_WARN_EMPTY_BODY = YES;
				CLANG_WARN_ENUM_CONVERSION = YES;
				CLANG_WARN_INT_CONVERSION = YES;
				CLANG_WARN_OBJC_ROOT_CLASS = YES_ERROR;
				CLANG_WARN__DUPLICATE_METHOD_MATCH = YES;
				"CODE_SIGN_IDENTITY[sdk=iphoneos*]" = "iPhone Developer";
				COPY_PHASE_STRIP = NO;
				GCC_C_LANGUAGE_STANDARD = gnu99;
				GCC_DYNAMIC_NO_PIC = NO;
				GCC_OPTIMIZATION_LEVEL = 0;
				GCC_PREPROCESSOR_DEFINITIONS = (
					"DEBUG=1",
					"$(inherited)",
				);
				GCC_SYMBOLS_PRIVATE_EXTERN = NO;
				GCC_WARN_64_TO_32_BIT_CONVERSION = YES;
				GCC_WARN_ABOUT_RETURN_TYPE = YES_ERROR;
				GCC_WARN_UNDECLARED_SELECTOR = YES;
				GCC_WARN_UNINITIALIZED_AUTOS = YES_AGGRESSIVE;
				GCC_WARN_UNUSED_FUNCTION = YES;
				GCC_WARN_UNUSED_VARIABLE = YES;
				IPHONEOS_DEPLOYMENT_TARGET = 7.1;
				ONLY_ACTIVE_ARCH = YES;
				SDKROOT = iphoneos;
			};
			name = Debug;
		};
		F93F04DB19915DCF00CB66D8 /* Release */ = {
			isa = XCBuildConfiguration;
			buildSettings = {
				ALWAYS_SEARCH_USER_PATHS = NO;
				CLANG_CXX_LANGUAGE_STANDARD = "gnu++0x";
				CLANG_CXX_LIBRARY = "libc++";
				CLANG_ENABLE_MODULES = YES;
				CLANG_ENABLE_OBJC_ARC = YES;
				CLANG_WARN_BOOL_CONVERSION = YES;
				CLANG_WARN_CONSTANT_CONVERSION = YES;
				CLANG_WARN_DIRECT_OBJC_ISA_USAGE = YES_ERROR;
				CLANG_WARN_EMPTY_BODY = YES;
				CLANG_WARN_ENUM_CONVERSION = YES;
				CLANG_WARN_INT_CONVERSION = YES;
				CLANG_WARN_OBJC_ROOT_CLASS = YES_ERROR;
				CLANG_WARN__DUPLICATE_METHOD_MATCH = YES;
				"CODE_SIGN_IDENTITY[sdk=iphoneos*]" = "iPhone Developer";
				COPY_PHASE_STRIP = YES;
				ENABLE_NS_ASSERTIONS = NO;
				GCC_C_LANGUAGE_STANDARD = gnu99;
				GCC_WARN_64_TO_32_BIT_CONVERSION = YES;
				GCC_WARN_ABOUT_RETURN_TYPE = YES_ERROR;
				GCC_WARN_UNDECLARED_SELECTOR = YES;
				GCC_WARN_UNINITIALIZED_AUTOS = YES_AGGRESSIVE;
				GCC_WARN_UNUSED_FUNCTION = YES;
				GCC_WARN_UNUSED_VARIABLE = YES;
				IPHONEOS_DEPLOYMENT_TARGET = 7.1;
				SDKROOT = iphoneos;
				VALIDATE_PRODUCT = YES;
			};
			name = Release;
		};
		F93F04DD19915DCF00CB66D8 /* Debug */ = {
			isa = XCBuildConfiguration;
			buildSettings = {
				ASSETCATALOG_COMPILER_APPICON_NAME = AppIcon;
				ASSETCATALOG_COMPILER_LAUNCHIMAGE_NAME = LaunchImage;
				FRAMEWORK_SEARCH_PATHS = (
					"$(inherited)",
					"$(PROJECT_DIR)",
				);
				GCC_PRECOMPILE_PREFIX_HEADER = YES;
				GCC_PREFIX_HEADER = "GetOnThatBus/GetOnThatBus-Prefix.pch";
				INFOPLIST_FILE = "GetOnThatBus/GetOnThatBus-Info.plist";
				PRODUCT_NAME = "$(TARGET_NAME)";
				WRAPPER_EXTENSION = app;
			};
			name = Debug;
		};
		F93F04DE19915DCF00CB66D8 /* Release */ = {
			isa = XCBuildConfiguration;
			buildSettings = {
				ASSETCATALOG_COMPILER_APPICON_NAME = AppIcon;
				ASSETCATALOG_COMPILER_LAUNCHIMAGE_NAME = LaunchImage;
				FRAMEWORK_SEARCH_PATHS = (
					"$(inherited)",
					"$(PROJECT_DIR)",
				);
				GCC_PRECOMPILE_PREFIX_HEADER = YES;
				GCC_PREFIX_HEADER = "GetOnThatBus/GetOnThatBus-Prefix.pch";
				INFOPLIST_FILE = "GetOnThatBus/GetOnThatBus-Info.plist";
				PRODUCT_NAME = "$(TARGET_NAME)";
				WRAPPER_EXTENSION = app;
			};
			name = Release;
		};
		F93F04E019915DCF00CB66D8 /* Debug */ = {
			isa = XCBuildConfiguration;
			buildSettings = {
				BUNDLE_LOADER = "$(BUILT_PRODUCTS_DIR)/GetOnThatBus.app/GetOnThatBus";
				FRAMEWORK_SEARCH_PATHS = (
					"$(SDKROOT)/Developer/Library/Frameworks",
					"$(inherited)",
					"$(DEVELOPER_FRAMEWORKS_DIR)",
				);
				GCC_PRECOMPILE_PREFIX_HEADER = YES;
				GCC_PREFIX_HEADER = "GetOnThatBus/GetOnThatBus-Prefix.pch";
				GCC_PREPROCESSOR_DEFINITIONS = (
					"DEBUG=1",
					"$(inherited)",
				);
				INFOPLIST_FILE = "GetOnThatBusTests/GetOnThatBusTests-Info.plist";
				PRODUCT_NAME = "$(TARGET_NAME)";
				TEST_HOST = "$(BUNDLE_LOADER)";
				WRAPPER_EXTENSION = xctest;
			};
			name = Debug;
		};
		F93F04E119915DCF00CB66D8 /* Release */ = {
			isa = XCBuildConfiguration;
			buildSettings = {
				BUNDLE_LOADER = "$(BUILT_PRODUCTS_DIR)/GetOnThatBus.app/GetOnThatBus";
				FRAMEWORK_SEARCH_PATHS = (
					"$(SDKROOT)/Developer/Library/Frameworks",
					"$(inherited)",
					"$(DEVELOPER_FRAMEWORKS_DIR)",
				);
				GCC_PRECOMPILE_PREFIX_HEADER = YES;
				GCC_PREFIX_HEADER = "GetOnThatBus/GetOnThatBus-Prefix.pch";
				INFOPLIST_FILE = "GetOnThatBusTests/GetOnThatBusTests-Info.plist";
				PRODUCT_NAME = "$(TARGET_NAME)";
				TEST_HOST = "$(BUNDLE_LOADER)";
				WRAPPER_EXTENSION = xctest;
			};
			name = Release;
		};
/* End XCBuildConfiguration section */

/* Begin XCConfigurationList section */
		F93F04A519915DCF00CB66D8 /* Build configuration list for PBXProject "GetOnThatBus" */ = {
			isa = XCConfigurationList;
			buildConfigurations = (
				F93F04DA19915DCF00CB66D8 /* Debug */,
				F93F04DB19915DCF00CB66D8 /* Release */,
			);
			defaultConfigurationIsVisible = 0;
			defaultConfigurationName = Release;
		};
		F93F04DC19915DCF00CB66D8 /* Build configuration list for PBXNativeTarget "GetOnThatBus" */ = {
			isa = XCConfigurationList;
			buildConfigurations = (
				F93F04DD19915DCF00CB66D8 /* Debug */,
				F93F04DE19915DCF00CB66D8 /* Release */,
			);
			defaultConfigurationIsVisible = 0;
			defaultConfigurationName = Release;
		};
		F93F04DF19915DCF00CB66D8 /* Build configuration list for PBXNativeTarget "GetOnThatBusTests" */ = {
			isa = XCConfigurationList;
			buildConfigurations = (
				F93F04E019915DCF00CB66D8 /* Debug */,
				F93F04E119915DCF00CB66D8 /* Release */,
			);
			defaultConfigurationIsVisible = 0;
			defaultConfigurationName = Release;
		};
/* End XCConfigurationList section */
	};
	rootObject = F93F04A219915DCF00CB66D8 /* Project object */;
}
